
Microsoft Visual Studio Solution File, Format Version 12.00
# Visual Studio Version 17
VisualStudioVersion = 17.14.37012.4
MinimumVisualStudioVersion = 10.0.40219.1
Project("{FAE04EC0-301F-11D3-BF4B-00C04F79EFBC}") = "Versao1TrabalhoFinal", "Versao1TrabalhoFinal\Versao1TrabalhoFinal.csproj", "{BE4B04E9-A0DC-4F40-8B7D-F0F03296877C}"
EndProject
Global
	GlobalSection(SolutionConfigurationPlatforms) = preSolution
		Debug|Any CPU = Debug|Any CPU
		Release|Any CPU = Release|Any CPU
	EndGlobalSection
	GlobalSection(ProjectConfigurationPlatforms) = postSolution
		{BE4B04E9-A0DC-4F40-8B7D-F0F03296877C}.Debug|Any CPU.ActiveCfg = Debug|Any CPU
		{BE4B04E9-A0DC-4F40-8B7D-F0F03296877C}.Debug|Any CPU.Build.0 = Debug|Any CPU
		{BE4B04E9-A0DC-4F40-8B7D-F0F03296877C}.Release|Any CPU.ActiveCfg = Release|Any CPU
		{BE4B04E9-A0DC-4F40-8B7D-F0F03296877C}.Release|Any CPU.Build.0 = Release|Any CPU
	EndGlobalSection
	GlobalSection(SolutionProperties) = preSolution
		HideSolutionNode = FALSE
	EndGlobalSection
	GlobalSection(ExtensibilityGlobals) = postSolution
		SolutionGuid = {05B4061A-F87E-4F12-93CC-DC0837C12FE2}
	EndGlobalSection
EndGlobal
